
Microsoft Visual Studio Solution File, Format Version 12.00
Project("{FAE04EC0-301F-11D3-BF4B-00C04F79EFBC}") = "OverFlow.AppHost", "OverFlow.AppHost\OverFlow.AppHost.csproj", "{20465C40-224B-4ADF-9837-C427D9F020AB}"
EndProject
Project("{FAE04EC0-301F-11D3-BF4B-00C04F79EFBC}") = "OverFlow.ServiceDefaults", "OverFlow.ServiceDefaults\OverFlow.ServiceDefaults.csproj", "{15D5C132-EFAF-4B32-B1E3-DEC26C2E1671}"
EndProject
Project("{2150E333-8FDC-42A3-9474-1A3956D46DE8}") = "services", "services", "{C087EE1D-6831-4849-954B-E9E6EB3AAAAD}"
EndProject
Project("{FAE04EC0-301F-11D3-BF4B-00C04F79EFBC}") = "QuestionService", "QuestionService\QuestionService.csproj", "{AC0EAE0D-311D-4F0A-9825-75AF1986626A}"
EndProject
Project("{FAE04EC0-301F-11D3-BF4B-00C04F79EFBC}") = "SearchService", "SearchService\SearchService.csproj", "{102E9690-1059-4CD3-B3B4-A7979888CB57}"
EndProject
Project("{2150E333-8FDC-42A3-9474-1A3956D46DE8}") = "common", "common", "{FD7648A7-0B41-4912-A58D-B0BE812F704E}"
EndProject
Project("{FAE04EC0-301F-11D3-BF4B-00C04F79EFBC}") = "Contracts", "Contracts\Contracts.csproj", "{C1EC9C7C-DB0D-4B5C-9B6C-D6481818BE98}"
EndProject
Project("{2150E333-8FDC-42A3-9474-1A3956D46DE8}") = "Utils", "Utils", "{AE451301-4537-42BD-9582-F75C30DF0D7E}"
EndProject
Project("{FAE04EC0-301F-11D3-BF4B-00C04F79EFBC}") = "Helpers", "Helpers\Helpers.csproj", "{1D6B1C63-FF53-48B9-BF6C-DE0ADA6BE9D6}"
EndProject
Global
	GlobalSection(SolutionConfigurationPlatforms) = preSolution
		Debug|Any CPU = Debug|Any CPU
		Release|Any CPU = Release|Any CPU
	EndGlobalSection
	GlobalSection(ProjectConfigurationPlatforms) = postSolution
		{20465C40-224B-4ADF-9837-C427D9F020AB}.Debug|Any CPU.ActiveCfg = Debug|Any CPU
		{20465C40-224B-4ADF-9837-C427D9F020AB}.Debug|Any CPU.Build.0 = Debug|Any CPU
		{20465C40-224B-4ADF-9837-C427D9F020AB}.Release|Any CPU.ActiveCfg = Release|Any CPU
		{20465C40-224B-4ADF-9837-C427D9F020AB}.Release|Any CPU.Build.0 = Release|Any CPU
		{15D5C132-EFAF-4B32-B1E3-DEC26C2E1671}.Debug|Any CPU.ActiveCfg = Debug|Any CPU
		{15D5C132-EFAF-4B32-B1E3-DEC26C2E1671}.Debug|Any CPU.Build.0 = Debug|Any CPU
		{15D5C132-EFAF-4B32-B1E3-DEC26C2E1671}.Release|Any CPU.ActiveCfg = Release|Any CPU
		{15D5C132-EFAF-4B32-B1E3-DEC26C2E1671}.Release|Any CPU.Build.0 = Release|Any CPU
		{AC0EAE0D-311D-4F0A-9825-75AF1986626A}.Debug|Any CPU.ActiveCfg = Debug|Any CPU
		{AC0EAE0D-311D-4F0A-9825-75AF1986626A}.Debug|Any CPU.Build.0 = Debug|Any CPU
		{AC0EAE0D-311D-4F0A-9825-75AF1986626A}.Release|Any CPU.ActiveCfg = Release|Any CPU
		{AC0EAE0D-311D-4F0A-9825-75AF1986626A}.Release|Any CPU.Build.0 = Release|Any CPU
		{102E9690-1059-4CD3-B3B4-A7979888CB57}.Debug|Any CPU.ActiveCfg = Debug|Any CPU
		{102E9690-1059-4CD3-B3B4-A7979888CB57}.Debug|Any CPU.Build.0 = Debug|Any CPU
		{102E9690-1059-4CD3-B3B4-A7979888CB57}.Release|Any CPU.ActiveCfg = Release|Any CPU
		{102E9690-1059-4CD3-B3B4-A7979888CB57}.Release|Any CPU.Build.0 = Release|Any CPU
		{C1EC9C7C-DB0D-4B5C-9B6C-D6481818BE98}.Debug|Any CPU.ActiveCfg = Debug|Any CPU
		{C1EC9C7C-DB0D-4B5C-9B6C-D6481818BE98}.Debug|Any CPU.Build.0 = Debug|Any CPU
		{C1EC9C7C-DB0D-4B5C-9B6C-D6481818BE98}.Release|Any CPU.ActiveCfg = Release|Any CPU
		{C1EC9C7C-DB0D-4B5C-9B6C-D6481818BE98}.Release|Any CPU.Build.0 = Release|Any CPU
		{1D6B1C63-FF53-48B9-BF6C-DE0ADA6BE9D6}.Debug|Any CPU.ActiveCfg = Debug|Any CPU
		{1D6B1C63-FF53-48B9-BF6C-DE0ADA6BE9D6}.Debug|Any CPU.Build.0 = Debug|Any CPU
		{1D6B1C63-FF53-48B9-BF6C-DE0ADA6BE9D6}.Release|Any CPU.ActiveCfg = Release|Any CPU
		{1D6B1C63-FF53-48B9-BF6C-DE0ADA6BE9D6}.Release|Any CPU.Build.0 = Release|Any CPU
	EndGlobalSection
	GlobalSection(NestedProjects) = preSolution
		{AC0EAE0D-311D-4F0A-9825-75AF1986626A} = {C087EE1D-6831-4849-954B-E9E6EB3AAAAD}
		{102E9690-1059-4CD3-B3B4-A7979888CB57} = {C087EE1D-6831-4849-954B-E9E6EB3AAAAD}
		{C1EC9C7C-DB0D-4B5C-9B6C-D6481818BE98} = {FD7648A7-0B41-4912-A58D-B0BE812F704E}
		{AE451301-4537-42BD-9582-F75C30DF0D7E} = {FD7648A7-0B41-4912-A58D-B0BE812F704E}
		{1D6B1C63-FF53-48B9-BF6C-DE0ADA6BE9D6} = {AE451301-4537-42BD-9582-F75C30DF0D7E}
	EndGlobalSection
EndGlobal
